
Microsoft Visual Studio Solution File, Format Version 12.00
# Visual Studio Version 18
VisualStudioVersion = 18.6.11709.129 insiders
MinimumVisualStudioVersion = 10.0.40219.1
Project("{FAE04EC0-301F-11D3-BF4B-00C04F79EFBC}") = "BloodBankPro", "BloodBankPro.csproj", "{949BF54E-F49A-DAEE-5627-3A99EDA464AD}"
EndProject
Global
	GlobalSection(SolutionConfigurationPlatforms) = preSolution
		Debug|Any CPU = Debug|Any CPU
		Release|Any CPU = Release|Any CPU
	EndGlobalSection
	GlobalSection(ProjectConfigurationPlatforms) = postSolution
		{949BF54E-F49A-DAEE-5627-3A99EDA464AD}.Debug|Any CPU.ActiveCfg = Debug|Any CPU
		{949BF54E-F49A-DAEE-5627-3A99EDA464AD}.Debug|Any CPU.Build.0 = Debug|Any CPU
		{949BF54E-F49A-DAEE-5627-3A99EDA464AD}.Release|Any CPU.ActiveCfg = Release|Any CPU
		{949BF54E-F49A-DAEE-5627-3A99EDA464AD}.Release|Any CPU.Build.0 = Release|Any CPU
	EndGlobalSection
	GlobalSection(SolutionProperties) = preSolution
		HideSolutionNode = FALSE
	EndGlobalSection
	GlobalSection(ExtensibilityGlobals) = postSolution
		SolutionGuid = {48D347E2-A569-4C59-A957-BEEAE7AB8090}
	EndGlobalSection
EndGlobal
